{
    "_readme": [
        "This file locks the dependencies of your project to a known state",
        "Read more about it at http://getcomposer.org/doc/01-basic-usage.md#composer-lock-the-lock-file"
    ],
    "hash": "fec312f76d59cf7969536c08409a9cc5",
    "packages": [
        {
            "name": "bazo/nette-chain-logger-extension",
            "version": "dev-master",
            "source": {
                "type": "git",
                "url": "https://github.com/bazo/nette-chain-logger-extension.git",
                "reference": "58f6539300cae7868500458ce1ff634d93956856"
            },
            "dist": {
                "type": "zip",
                "url": "https://api.github.com/repos/bazo/nette-chain-logger-extension/zipball/58f6539300cae7868500458ce1ff634d93956856",
                "reference": "58f6539300cae7868500458ce1ff634d93956856",
                "shasum": ""
            },
            "require": {
                "php": ">= 5.4.0"
            },
            "suggest": {
                "bazo/nette-monolog-extension": "@dev",
                "bazo/nette-watchdog-extension": "@dev"
            },
            "type": "nette-addon",
            "autoload": {
                "psr-0": {
                    "Bazo": "src/"
                }
            },
            "notification-url": "https://packagist.org/downloads/",
            "authors": [
                {
                    "name": "Martin Bažík",
                    "email": "martin@bazo.sk",
                    "homepage": "http://bazo.sk"
                }
            ],
            "description": "Nette chain logger extension",
            "homepage": "https://github.com/bazo/nette-chain-logger-extension",
            "keywords": [
                "chain logger",
                "extension",
                "nette"
            ],
            "time": "2013-10-30 21:33:26"
        },
        {
            "name": "bazo/nette-console-extension",
            "version": "dev-master",
            "source": {
                "type": "git",
                "url": "https://github.com/bazo/nette-console-extension.git",
                "reference": "50b9805eff326d77b8b68758572d0b24b40dccdc"
            },
            "dist": {
                "type": "zip",
                "url": "https://api.github.com/repos/bazo/nette-console-extension/zipball/50b9805eff326d77b8b68758572d0b24b40dccdc",
                "reference": "50b9805eff326d77b8b68758572d0b24b40dccdc",
                "shasum": ""
            },
            "require": {
                "php": ">= 5.4.0",
                "symfony/console": "@dev"
            },
            "type": "nette-addon",
            "autoload": {
                "psr-0": {
                    "Bazo\\Console\\": "src/"
                }
            },
            "notification-url": "https://packagist.org/downloads/",
            "authors": [
                {
                    "name": "Martin Bažík",
                    "email": "martin@bazo.sk",
                    "homepage": "http://bazo.sk"
                }
            ],
            "description": "Nette console compiler extension",
            "homepage": "https://github.com/bazo/nette-console-extension",
            "keywords": [
                "console",
                "extension",
                "nette"
            ],
            "time": "2013-10-15 20:45:36"
        },
        {
            "name": "bazo/nette-mediator-extension",
            "version": "dev-master",
            "source": {
                "type": "git",
                "url": "https://github.com/bazo/nette-mediator-extension.git",
                "reference": "1ea3ab012d1ad45163e28865bc0143b13e15ab77"
            },
            "dist": {
                "type": "zip",
                "url": "https://api.github.com/repos/bazo/nette-mediator-extension/zipball/1ea3ab012d1ad45163e28865bc0143b13e15ab77",
                "reference": "1ea3ab012d1ad45163e28865bc0143b13e15ab77",
                "shasum": ""
            },
            "require": {
                "php": ">= 5.4.0",
                "symfony/event-dispatcher": "@dev"
            },
            "type": "nette-addon",
            "autoload": {
                "psr-0": {
                    "Bazo\\Mediator\\": "src/"
                }
            },
            "notification-url": "https://packagist.org/downloads/",
            "authors": [
                {
                    "name": "Martin Bažík",
                    "email": "martin@bazo.sk",
                    "homepage": "http://bazo.sk"
                }
            ],
            "description": "Nette mediator compiler extension",
            "homepage": "https://github.com/bazo/nette-mediator-extension",
            "keywords": [
                "event dispatcher",
                "events",
                "extension",
                "mediator",
                "nette"
            ],
            "time": "2013-10-18 11:31:22"
        },
        {
            "name": "bazo/nette-monolog-extension",
            "version": "dev-master",
            "source": {
                "type": "git",
                "url": "https://github.com/bazo/nette-monolog-extension.git",
                "reference": "390abf61759007341b4b2789ac46b75e885a53b3"
            },
            "dist": {
                "type": "zip",
                "url": "https://api.github.com/repos/bazo/nette-monolog-extension/zipball/390abf61759007341b4b2789ac46b75e885a53b3",
                "reference": "390abf61759007341b4b2789ac46b75e885a53b3",
                "shasum": ""
            },
            "require": {
                "monolog/monolog": "@dev",
                "php": ">= 5.4.0"
            },
            "type": "nette-addon",
            "autoload": {
                "psr-0": {
                    "Bazo\\Monolog\\": "src/"
                }
            },
            "notification-url": "https://packagist.org/downloads/",
            "authors": [
                {
                    "name": "Martin Bažík",
                    "email": "martin@bazo.sk",
                    "homepage": "http://bazo.sk"
                }
            ],
            "description": "Nette monolog compiler extension",
            "homepage": "https://github.com/bazo/nette-monolog-extension",
            "keywords": [
                "extension",
                "logging",
                "monolog",
                "nette"
            ],
            "time": "2013-10-30 22:32:11"
        },
        {
            "name": "bazo/nette-newrelic-extension",
            "version": "dev-master",
            "source": {
                "type": "git",
                "url": "https://github.com/bazo/nette-newrelic-extension.git",
                "reference": "eef852196fb9f31c6a09c4521a4f1522406a9c36"
            },
            "dist": {
                "type": "zip",
                "url": "https://api.github.com/repos/bazo/nette-newrelic-extension/zipball/eef852196fb9f31c6a09c4521a4f1522406a9c36",
                "reference": "eef852196fb9f31c6a09c4521a4f1522406a9c36",
                "shasum": ""
            },
            "require": {
                "php": ">=5.4.0"
            },
            "type": "library",
            "autoload": {
                "psr-0": {
                    "Bazo": "src/"
                }
            },
            "notification-url": "https://packagist.org/downloads/",
            "authors": [
                {
                    "name": "Martin Bažík",
                    "email": "martin@bazo.sk",
                    "homepage": "http://bazo.sk"
                }
            ],
            "description": "Nette New Relic extension",
            "homepage": "https://github.com/bazo/nette-newrelic-extension",
            "keywords": [
                "log",
                "logging",
                "nette",
                "new relic"
            ],
            "time": "2013-12-08 11:06:22"
        },
        {
            "name": "monolog/monolog",
            "version": "1.7.0",
            "source": {
                "type": "git",
                "url": "https://github.com/Seldaek/monolog.git",
                "reference": "6225b22de9dcf36546be3a0b2fa8e3d986153f57"
            },
            "dist": {
                "type": "zip",
                "url": "https://api.github.com/repos/Seldaek/monolog/zipball/6225b22de9dcf36546be3a0b2fa8e3d986153f57",
                "reference": "6225b22de9dcf36546be3a0b2fa8e3d986153f57",
                "shasum": ""
            },
            "require": {
                "php": ">=5.3.0",
                "psr/log": "~1.0"
            },
            "require-dev": {
                "aws/aws-sdk-php": "~2.4.8",
                "doctrine/couchdb": "dev-master",
                "mlehner/gelf-php": "1.0.*",
                "phpunit/phpunit": "~3.7.0",
                "raven/raven": "0.5.*",
                "ruflin/elastica": "0.90.*"
            },
            "suggest": {
                "aws/aws-sdk-php": "Allow sending log messages to AWS services like DynamoDB",
                "doctrine/couchdb": "Allow sending log messages to a CouchDB server",
                "ext-amqp": "Allow sending log messages to an AMQP server (1.0+ required)",
                "ext-mongo": "Allow sending log messages to a MongoDB server",
                "mlehner/gelf-php": "Allow sending log messages to a GrayLog2 server",
                "raven/raven": "Allow sending log messages to a Sentry server",
                "ruflin/elastica": "Allow sending log messages to an Elastic Search server"
            },
            "type": "library",
            "extra": {
                "branch-alias": {
                    "dev-master": "1.7.x-dev"
                }
            },
            "autoload": {
                "psr-0": {
                    "Monolog": "src/"
                }
            },
            "notification-url": "https://packagist.org/downloads/",
            "license": [
                "MIT"
            ],
            "authors": [
                {
                    "name": "Jordi Boggiano",
                    "email": "j.boggiano@seld.be",
                    "homepage": "http://seld.be",
                    "role": "Developer"
                }
            ],
            "description": "Sends your logs to files, sockets, inboxes, databases and various web services",
            "homepage": "http://github.com/Seldaek/monolog",
            "keywords": [
                "log",
                "logging",
                "psr-3"
            ],
            "time": "2013-11-14 19:48:31"
        },
        {
            "name": "nette/nette",
            "version": "dev-master",
            "source": {
                "type": "git",
                "url": "https://github.com/nette/nette.git",
                "reference": "8e9b640d5a81e777455a6f65c61d6b455b2e655e"
            },
            "dist": {
                "type": "zip",
                "url": "https://api.github.com/repos/nette/nette/zipball/8e9b640d5a81e777455a6f65c61d6b455b2e655e",
                "reference": "8e9b640d5a81e777455a6f65c61d6b455b2e655e",
                "shasum": ""
            },
            "require": {
                "ext-iconv": "*",
                "ext-tokenizer": "*",
                "php": ">=5.3.1"
            },
            "require-dev": {
                "nette/tester": "@dev"
            },
            "suggest": {
                "ext-fileinfo": "*",
                "ext-gd": "*",
                "ext-mbstring": "*",
                "ext-pdo": "*"
            },
            "type": "library",
            "extra": {
                "branch-alias": {
                    "dev-master": "2.2-dev"
                }
            },
            "autoload": {
                "classmap": [
                    "Nette/"
                ],
                "files": [
                    "Nette/common/shortcuts.php"
                ]
            },
            "notification-url": "https://packagist.org/downloads/",
            "license": [
                "BSD-3-Clause",
                "GPL-2.0",
                "GPL-3.0"
            ],
            "authors": [
                {
                    "name": "David Grudl",
                    "homepage": "http://davidgrudl.com"
                },
                {
                    "name": "Nette Community",
                    "homepage": "http://nette.org/contributors"
                }
            ],
            "description": "Nette Framework - innovative framework for fast and easy development of secured web applications in PHP. Write less, have cleaner code and your work will bring you joy.",
            "homepage": "http://nette.org",
            "keywords": [
                "Forms",
                "database",
                "debugging",
                "framework",
                "mailing",
                "mvc",
                "templating"
            ],
            "time": "2014-01-10 12:32:53"
        },
        {
            "name": "psr/log",
            "version": "1.0.0",
            "source": {
                "type": "git",
                "url": "https://github.com/php-fig/log.git",
                "reference": "fe0936ee26643249e916849d48e3a51d5f5e278b"
            },
            "dist": {
                "type": "zip",
                "url": "https://api.github.com/repos/php-fig/log/zipball/fe0936ee26643249e916849d48e3a51d5f5e278b",
                "reference": "fe0936ee26643249e916849d48e3a51d5f5e278b",
                "shasum": ""
            },
            "type": "library",
            "autoload": {
                "psr-0": {
                    "Psr\\Log\\": ""
                }
            },
            "notification-url": "https://packagist.org/downloads/",
            "license": [
                "MIT"
            ],
            "authors": [
                {
                    "name": "PHP-FIG",
                    "homepage": "http://www.php-fig.org/"
                }
            ],
            "description": "Common interface for logging libraries",
            "keywords": [
                "log",
                "psr",
                "psr-3"
            ],
            "time": "2012-12-21 11:40:51"
        },
        {
            "name": "symfony/console",
            "version": "v2.4.1",
            "target-dir": "Symfony/Component/Console",
            "source": {
                "type": "git",
                "url": "https://github.com/symfony/Console.git",
                "reference": "4c1ed2ff514bd85ee186eebb010ccbdeeab05af7"
            },
            "dist": {
                "type": "zip",
                "url": "https://api.github.com/repos/symfony/Console/zipball/4c1ed2ff514bd85ee186eebb010ccbdeeab05af7",
                "reference": "4c1ed2ff514bd85ee186eebb010ccbdeeab05af7",
                "shasum": ""
            },
            "require": {
                "php": ">=5.3.3"
            },
            "require-dev": {
                "symfony/event-dispatcher": "~2.1"
            },
            "suggest": {
                "symfony/event-dispatcher": ""
            },
            "type": "library",
            "extra": {
                "branch-alias": {
                    "dev-master": "2.4-dev"
                }
            },
            "autoload": {
                "psr-0": {
                    "Symfony\\Component\\Console\\": ""
                }
            },
            "notification-url": "https://packagist.org/downloads/",
            "license": [
                "MIT"
            ],
            "authors": [
                {
                    "name": "Fabien Potencier",
                    "email": "fabien@symfony.com"
                },
                {
                    "name": "Symfony Community",
                    "homepage": "http://symfony.com/contributors"
                }
            ],
            "description": "Symfony Console Component",
            "homepage": "http://symfony.com",
            "time": "2014-01-01 08:14:50"
        },
        {
            "name": "symfony/event-dispatcher",
            "version": "v2.4.1",
            "target-dir": "Symfony/Component/EventDispatcher",
            "source": {
                "type": "git",
                "url": "https://github.com/symfony/EventDispatcher.git",
                "reference": "e3ba42f6a70554ed05749e61b829550f6ac33601"
            },
            "dist": {
                "type": "zip",
                "url": "https://api.github.com/repos/symfony/EventDispatcher/zipball/e3ba42f6a70554ed05749e61b829550f6ac33601",
                "reference": "e3ba42f6a70554ed05749e61b829550f6ac33601",
                "shasum": ""
            },
            "require": {
                "php": ">=5.3.3"
            },
            "require-dev": {
                "symfony/dependency-injection": "~2.0"
            },
            "suggest": {
                "symfony/dependency-injection": "",
                "symfony/http-kernel": ""
            },
            "type": "library",
            "extra": {
                "branch-alias": {
                    "dev-master": "2.4-dev"
                }
            },
            "autoload": {
                "psr-0": {
                    "Symfony\\Component\\EventDispatcher\\": ""
                }
            },
            "notification-url": "https://packagist.org/downloads/",
            "license": [
                "MIT"
            ],
            "authors": [
                {
                    "name": "Fabien Potencier",
                    "email": "fabien@symfony.com"
                },
                {
                    "name": "Symfony Community",
                    "homepage": "http://symfony.com/contributors"
                }
            ],
            "description": "Symfony EventDispatcher Component",
            "homepage": "http://symfony.com",
            "time": "2013-12-28 08:12:03"
        }
    ],
    "packages-dev": [
        {
            "name": "nette/tester",
            "version": "dev-master",
            "source": {
                "type": "git",
                "url": "https://github.com/nette/tester.git",
                "reference": "3c3501789126797d83a1d69fc1121a02b328db1f"
            },
            "dist": {
                "type": "zip",
                "url": "https://api.github.com/repos/nette/tester/zipball/3c3501789126797d83a1d69fc1121a02b328db1f",
                "reference": "3c3501789126797d83a1d69fc1121a02b328db1f",
                "shasum": ""
            },
            "require": {
                "php": ">=5.3.0"
            },
            "bin": [
                "Tester/tester",
                "Tester/coverage-report"
            ],
            "type": "library",
            "autoload": {
                "classmap": [
                    "Tester/"
                ]
            },
            "notification-url": "https://packagist.org/downloads/",
            "license": [
                "BSD-3-Clause",
                "GPL-2.0",
                "GPL-3.0"
            ],
            "authors": [
                {
                    "name": "David Grudl",
                    "homepage": "http://davidgrudl.com"
                },
                {
                    "name": "Nette Community",
                    "homepage": "http://nette.org/contributors"
                }
            ],
            "description": "An easy-to-use PHP Unit Testing framework.",
            "homepage": "http://nette.org",
            "keywords": [
                "nette",
                "testing",
                "unit"
            ],
            "time": "2014-01-10 12:47:01"
        }
    ],
    "aliases": [

    ],
    "minimum-stability": "stable",
    "stability-flags": {
        "nette/nette": 20,
        "bazo/nette-console-extension": 20,
        "bazo/nette-monolog-extension": 20,
        "bazo/nette-mediator-extension": 20,
        "bazo/nette-chain-logger-extension": 20,
        "bazo/nette-newrelic-extension": 20,
        "nette/tester": 20
    },
    "platform": {
        "php": ">= 5.4.0"
    },
    "platform-dev": [

    ]
}
